
Microsoft Visual Studio Solution File, Format Version 12.00
# Visual Studio 15
VisualStudioVersion = 15.0.28307.1169
MinimumVisualStudioVersion = 10.0.40219.1
Project("{FAE04EC0-301F-11D3-BF4B-00C04F79EFBC}") = "Equipo2", "Equipo2\Equipo2.csproj", "{554985D8-1163-4FAA-9165-0F35DB45F169}"
EndProject
Global
	GlobalSection(SolutionConfigurationPlatforms) = preSolution
		Debug|Any CPU = Debug|Any CPU
		Release|Any CPU = Release|Any CPU
	EndGlobalSection
	GlobalSection(ProjectConfigurationPlatforms) = postSolution
		{554985D8-1163-4FAA-9165-0F35DB45F169}.Debug|Any CPU.ActiveCfg = Debug|Any CPU
		{554985D8-1163-4FAA-9165-0F35DB45F169}.Debug|Any CPU.Build.0 = Debug|Any CPU
		{554985D8-1163-4FAA-9165-0F35DB45F169}.Release|Any CPU.ActiveCfg = Release|Any CPU
		{554985D8-1163-4FAA-9165-0F35DB45F169}.Release|Any CPU.Build.0 = Release|Any CPU
	EndGlobalSection
	GlobalSection(SolutionProperties) = preSolution
		HideSolutionNode = FALSE
	EndGlobalSection
	GlobalSection(ExtensibilityGlobals) = postSolution
		SolutionGuid = {4BBEF05F-AE13-4998-8411-F5A04874EF1F}
	EndGlobalSection
EndGlobal
